%{
  "color_utils": {:hex, :color_utils, "0.2.0", "bbcf48e74e1da14bfc7b513a44fe518b5a7062d29e1ed3fd7cf0704e2f422a2f", [:mix], [], "hexpm", "bf16a1a9de7d837a68ede139c6e06bc9d57f9eccedff302f730105bd80d98647"},
  "comb": {:git, "https://github.com/tallakt/comb.git", "e6660924891d88d798494ab0c5adeefb29fae8b8", []},
  "combine": {:hex, :combine, "0.10.0", "eff8224eeb56498a2af13011d142c5e7997a80c8f5b97c499f84c841032e429f", [:mix], [], "hexpm", "1b1dbc1790073076580d0d1d64e42eae2366583e7aecd455d1215b0d16f2451b"},
  "earmark": {:hex, :earmark, "1.4.18", "618c4ff1563450d1832b7fb41dc6755e470f91a6fd4c70f350a58b14f64a7db8", [:mix], [{:earmark_parser, ">= 1.4.17", [hex: :earmark_parser, repo: "hexpm", optional: false]}], "hexpm", "57ac3b6da3958ed09c669a9b159e86377fcccda56bacde8a209fa4dcdef52560"},
  "earmark_parser": {:hex, :earmark_parser, "1.4.17", "6f3c7e94170377ba45241d394389e800fb15adc5de51d0a3cd52ae766aafd63f", [:mix], [], "hexpm", "f93ac89c9feca61c165b264b5837bf82344d13bebc634cd575cb711e2e342023"},
  "egd": {:git, "https://github.com/erlang/egd.git", "1cea959544de7dd40a3284ba571a58939de57616", []},
  "elixir_make": {:hex, :elixir_make, "0.6.3", "bc07d53221216838d79e03a8019d0839786703129599e9619f4ab74c8c096eac", [:mix], [], "hexpm", "f5cbd651c5678bcaabdbb7857658ee106b12509cd976c2c2fca99688e1daf716"},
  "ex_doc": {:hex, :ex_doc, "0.26.0", "1922164bac0b18b02f84d6f69cab1b93bc3e870e2ad18d5dacb50a9e06b542a3", [:mix], [{:earmark_parser, "~> 1.4.0", [hex: :earmark_parser, repo: "hexpm", optional: false]}, {:makeup_elixir, "~> 0.14", [hex: :makeup_elixir, repo: "hexpm", optional: false]}, {:makeup_erlang, "~> 0.1", [hex: :makeup_erlang, repo: "hexpm", optional: false]}], "hexpm", "2775d66e494a9a48355db7867478ffd997864c61c65a47d31c4949459281c78d"},
  "flow": {:hex, :flow, "0.15.0", "503717c0e367b5713336181d5305106840f64abbad32c75d7af5ef1bb0908e38", [:mix], [{:gen_stage, "~> 0.14.0", [hex: :gen_stage, repo: "hexpm", optional: false]}], "hexpm", "d7ecbd4dd38a188494bc996d5014ef8335f436a0b262140a1f6441ae94714581"},
  "gen_stage": {:hex, :gen_stage, "0.14.3", "d0c66f1c87faa301c1a85a809a3ee9097a4264b2edf7644bf5c123237ef732bf", [:mix], [], "hexpm", "8453e2289d94c3199396eb517d65d6715ef26bcae0ee83eb5ff7a84445458d76"},
  "libgraph": {:hex, :libgraph, "0.13.3", "20732b7bafb933dcf7351c479e03076ebd14a85fd3202c67a1c197f4f7c2466b", [:mix], [], "hexpm", "78f2576eef615440b46f10060b1de1c86640441422832052686df53dc3c148c6"},
  "makeup": {:hex, :makeup, "1.0.5", "d5a830bc42c9800ce07dd97fa94669dfb93d3bf5fcf6ea7a0c67b2e0e4a7f26c", [:mix], [{:nimble_parsec, "~> 0.5 or ~> 1.0", [hex: :nimble_parsec, repo: "hexpm", optional: false]}], "hexpm", "cfa158c02d3f5c0c665d0af11512fed3fba0144cf1aadee0f2ce17747fba2ca9"},
  "makeup_elixir": {:hex, :makeup_elixir, "0.15.2", "dc72dfe17eb240552857465cc00cce390960d9a0c055c4ccd38b70629227e97c", [:mix], [{:makeup, "~> 1.0", [hex: :makeup, repo: "hexpm", optional: false]}, {:nimble_parsec, "~> 1.1", [hex: :nimble_parsec, repo: "hexpm", optional: false]}], "hexpm", "fd23ae48d09b32eff49d4ced2b43c9f086d402ee4fd4fcb2d7fad97fa8823e75"},
  "makeup_erlang": {:hex, :makeup_erlang, "0.1.1", "3fcb7f09eb9d98dc4d208f49cc955a34218fc41ff6b84df7c75b3e6e533cc65f", [:mix], [{:makeup, "~> 1.0", [hex: :makeup, repo: "hexpm", optional: false]}], "hexpm", "174d0809e98a4ef0b3309256cbf97101c6ec01c4ab0b23e926a9e17df2077cbb"},
  "matrex": {:hex, :matrex, "0.6.8", "ccb491e661bae7931ee6b0e68f5e1cd28528e5360a59bc3ab4d759b89be1701e", [:make], [{:elixir_make, "~> 0.4", [hex: :elixir_make, repo: "hexpm", optional: false]}], "hexpm", "043ef9fdd9809b012568915f2fc396ea5c5631fd792f75c1148f03d478d60901"},
  "memoize": {:hex, :memoize, "1.4.0", "dce828382552a03d166b0793772514835ea079d74aa5f825dceb2827ad86cf13", [:mix], [], "hexpm", "c73d50feef0d44a9fa9a4d7e13ca53c367b0307aeb48204301d07a01a707b776"},
  "nimble_parsec": {:hex, :nimble_parsec, "1.2.0", "b44d75e2a6542dcb6acf5d71c32c74ca88960421b6874777f79153bbbbd7dccc", [:mix], [], "hexpm", "52b2871a7515a5ac49b00f214e4165a40724cf99798d8e4a65e4fd64ebd002c1"},
  "qex": {:hex, :qex, "0.5.1", "0d82c0f008551d24fffb99d97f8299afcb8ea9cf99582b770bd004ed5af63fd6", [:mix], [], "hexpm", "935a39fdaf2445834b95951456559e9dc2063d0a055742c558a99987b38d6bab"},
  "remix": {:hex, :remix, "0.0.2", "f06115659d8ede8d725fae1708920ef73353a1b39efe6a232d2a38b1f2902109", [:mix], [], "hexpm", "5f5555646ed4fca83fab8620735150aa0bc408c5a17a70d28cfa7086bc6f497c"},
  "rustler": {:hex, :rustler, "0.21.1", "5299980be32da997c54382e945bacaa015ed97a60745e1e639beaf6a7b278c65", [:mix], [{:toml, "~> 0.5.2", [hex: :toml, repo: "hexpm", optional: false]}], "hexpm", "6ee1651e10645b2b2f3bb70502bf180341aa058709177e9bc28c105934094bc6"},
  "toml": {:hex, :toml, "0.5.2", "e471388a8726d1ce51a6b32f864b8228a1eb8edc907a0edf2bb50eab9321b526", [:mix], [], "hexpm", "f1e3dabef71fb510d015fad18c0e05e7c57281001141504c6b69d94e99750a07"},
}
